
Microsoft Visual Studio Solution File, Format Version 12.00
# Visual Studio Version 17
VisualStudioVersion = 17.13.35806.99 d17.13
MinimumVisualStudioVersion = 10.0.40219.1
Project("{FAE04EC0-301F-11D3-BF4B-00C04F79EFBC}") = "DiplomApp", "DiplomApp.csproj", "{06996D95-ADBF-43C8-B8C7-8CCD92891143}"
EndProject
Global
	GlobalSection(SolutionConfigurationPlatforms) = preSolution
		Debug|Any CPU = Debug|Any CPU
		Release|Any CPU = Release|Any CPU
	EndGlobalSection
	GlobalSection(ProjectConfigurationPlatforms) = postSolution
		{06996D95-ADBF-43C8-B8C7-8CCD92891143}.Debug|Any CPU.ActiveCfg = Debug|Any CPU
		{06996D95-ADBF-43C8-B8C7-8CCD92891143}.Debug|Any CPU.Build.0 = Debug|Any CPU
		{06996D95-ADBF-43C8-B8C7-8CCD92891143}.Release|Any CPU.ActiveCfg = Release|Any CPU
		{06996D95-ADBF-43C8-B8C7-8CCD92891143}.Release|Any CPU.Build.0 = Release|Any CPU
	EndGlobalSection
	GlobalSection(SolutionProperties) = preSolution
		HideSolutionNode = FALSE
	EndGlobalSection
	GlobalSection(ExtensibilityGlobals) = postSolution
		SolutionGuid = {604308A3-8CCF-4F31-A0D0-FDFBF97A2D70}
	EndGlobalSection
EndGlobal
